
Microsoft Visual Studio Solution File, Format Version 12.00
# Visual Studio 15
VisualStudioVersion = 15.0.27703.2026
MinimumVisualStudioVersion = 10.0.40219.1
Project("{9A19103F-16F7-4668-BE54-9A1E7A4F7556}") = "NoiseProcedures", "NoiseProcedures\NoiseProcedures.csproj", "{7C7C311D-26BC-4279-9AF3-E29F4AF447E5}"
EndProject
Project("{9A19103F-16F7-4668-BE54-9A1E7A4F7556}") = "NoiseProcedures.Test", "NoiseProcedures.Test\NoiseProcedures.Test.csproj", "{FCBE3DB8-17DF-464C-8F12-9B802BABDBBE}"
EndProject
Project("{FAE04EC0-301F-11D3-BF4B-00C04F79EFBC}") = "TestHarness", "TestHarness\TestHarness.csproj", "{118B640B-8BE4-464D-BA9C-C51119DE0B69}"
EndProject
Global
	GlobalSection(SolutionConfigurationPlatforms) = preSolution
		Debug|Any CPU = Debug|Any CPU
		Release|Any CPU = Release|Any CPU
	EndGlobalSection
	GlobalSection(ProjectConfigurationPlatforms) = postSolution
		{7C7C311D-26BC-4279-9AF3-E29F4AF447E5}.Debug|Any CPU.ActiveCfg = Debug|Any CPU
		{7C7C311D-26BC-4279-9AF3-E29F4AF447E5}.Debug|Any CPU.Build.0 = Debug|Any CPU
		{7C7C311D-26BC-4279-9AF3-E29F4AF447E5}.Release|Any CPU.ActiveCfg = Release|Any CPU
		{7C7C311D-26BC-4279-9AF3-E29F4AF447E5}.Release|Any CPU.Build.0 = Release|Any CPU
		{FCBE3DB8-17DF-464C-8F12-9B802BABDBBE}.Debug|Any CPU.ActiveCfg = Debug|Any CPU
		{FCBE3DB8-17DF-464C-8F12-9B802BABDBBE}.Debug|Any CPU.Build.0 = Debug|Any CPU
		{FCBE3DB8-17DF-464C-8F12-9B802BABDBBE}.Release|Any CPU.ActiveCfg = Release|Any CPU
		{FCBE3DB8-17DF-464C-8F12-9B802BABDBBE}.Release|Any CPU.Build.0 = Release|Any CPU
		{118B640B-8BE4-464D-BA9C-C51119DE0B69}.Debug|Any CPU.ActiveCfg = Debug|Any CPU
		{118B640B-8BE4-464D-BA9C-C51119DE0B69}.Debug|Any CPU.Build.0 = Debug|Any CPU
		{118B640B-8BE4-464D-BA9C-C51119DE0B69}.Release|Any CPU.ActiveCfg = Release|Any CPU
		{118B640B-8BE4-464D-BA9C-C51119DE0B69}.Release|Any CPU.Build.0 = Release|Any CPU
	EndGlobalSection
	GlobalSection(SolutionProperties) = preSolution
		HideSolutionNode = FALSE
	EndGlobalSection
	GlobalSection(ExtensibilityGlobals) = postSolution
		SolutionGuid = {E58861CA-FDC4-48A2-ACD7-CA33E7B52906}
	EndGlobalSection
EndGlobal
